
Microsoft Visual Studio Solution File, Format Version 12.00
# Visual Studio Version 17
VisualStudioVersion = 17.5.002.0
MinimumVisualStudioVersion = 10.0.40219.1
Project("{9A19103F-16F7-4668-BE54-9A1E7A4F7556}") = "preditiva", "preditiva.csproj", "{95D41E18-3931-45B2-A2A4-8D4029F9B47D}"
EndProject
Global
	GlobalSection(SolutionConfigurationPlatforms) = preSolution
		Debug|Any CPU = Debug|Any CPU
		Release|Any CPU = Release|Any CPU
	EndGlobalSection
	GlobalSection(ProjectConfigurationPlatforms) = postSolution
		{95D41E18-3931-45B2-A2A4-8D4029F9B47D}.Debug|Any CPU.ActiveCfg = Debug|Any CPU
		{95D41E18-3931-45B2-A2A4-8D4029F9B47D}.Debug|Any CPU.Build.0 = Debug|Any CPU
		{95D41E18-3931-45B2-A2A4-8D4029F9B47D}.Release|Any CPU.ActiveCfg = Release|Any CPU
		{95D41E18-3931-45B2-A2A4-8D4029F9B47D}.Release|Any CPU.Build.0 = Release|Any CPU
	EndGlobalSection
	GlobalSection(SolutionProperties) = preSolution
		HideSolutionNode = FALSE
	EndGlobalSection
	GlobalSection(ExtensibilityGlobals) = postSolution
		SolutionGuid = {63A7F5DD-F306-4D8E-9806-2C0351FC94BB}
	EndGlobalSection
EndGlobal
